// !$*UTF8*$!
{
	archiveVersion = 1;
	classes = {
	};
	objectVersion = 46;
	objects = {

/* Begin PBXBuildFile section */
		1C5698281E79335500619FCD /* AppDelegate.swift in Sources */ = {isa = PBXBuildFile; fileRef = 1C5698271E79335500619FCD /* AppDelegate.swift */; };
		1C56982A1E79335500619FCD /* ViewController.swift in Sources */ = {isa = PBXBuildFile; fileRef = 1C5698291E79335500619FCD /* ViewController.swift */; };
		1C56982D1E79335500619FCD /* Main.storyboard in Resources */ = {isa = PBXBuildFile; fileRef = 1C56982B1E79335500619FCD /* Main.storyboard */; };
		1C56982F1E79335500619FCD /* Assets.xcassets in Resources */ = {isa = PBXBuildFile; fileRef = 1C56982E1E79335500619FCD /* Assets.xcassets */; };
		1C5698321E79335500619FCD /* LaunchScreen.storyboard in Resources */ = {isa = PBXBuildFile; fileRef = 1C5698301E79335500619FCD /* LaunchScreen.storyboard */; };
		1C56983A1E79340900619FCD /* MyKnob.swift in Sources */ = {isa = PBXBuildFile; fileRef = 1C5698391E79340900619FCD /* MyKnob.swift */; };
		1C56983C1E79341000619FCD /* volume.png in Resources */ = {isa = PBXBuildFile; fileRef = 1C56983B1E79341000619FCD /* volume.png */; };
/* End PBXBuildFile section */

/* Begin PBXFileReference section */
		1C5698241E79335500619FCD /* VolumeButton.app */ = {isa = PBXFileReference; explicitFileType = wrapper.application; includeInIndex = 0; path = VolumeButton.app; sourceTree = BUILT_PRODUCTS_DIR; };
		1C5698271E79335500619FCD /* AppDelegate.swift */ = {isa = PBXFileReference; lastKnownFileType = sourcecode.swift; path = AppDelegate.swift; sourceTree = "<group>"; };
		1C5698291E79335500619FCD /* ViewController.swift */ = {isa = PBXFileReference; lastKnownFileType = sourcecode.swift; path = ViewController.swift; sourceTree = "<group>"; };
		1C56982C1E79335500619FCD /* Base */ = {isa = PBXFileReference; lastKnownFileType = file.storyboard; name = Base; path = Base.lproj/Main.storyboard; sourceTree = "<group>"; };
		1C56982E1E79335500619FCD /* Assets.xcassets */ = {isa = PBXFileReference; lastKnownFileType = folder.assetcatalog; path = Assets.xcassets; sourceTree = "<group>"; };
		1C5698311E79335500619FCD /* Base */ = {isa = PBXFileReference; lastKnownFileType = file.storyboard; name = Base; path = Base.lproj/LaunchScreen.storyboard; sourceTree = "<group>"; };
		1C5698331E79335500619FCD /* Info.plist */ = {isa = PBXFileReference; lastKnownFileType = text.plist.xml; path = Info.plist; sourceTree = "<group>"; };
		1C5698391E79340900619FCD /* MyKnob.swift */ = {isa = PBXFileReference; fileEncoding = 4; lastKnownFileType = sourcecode.swift; path = MyKnob.swift; sourceTree = "<group>"; };
		1C56983B1E79341000619FCD /* volume.png */ = {isa = PBXFileReference; lastKnownFileType = image.png; path = volume.png; sourceTree = "<group>"; };
/* End PBXFileReference section */

/* Begin PBXFrameworksBuildPhase section */
		1C5698211E79335500619FCD /* Frameworks */ = {
			isa = PBXFrameworksBuildPhase;
			buildActionMask = 2147483647;
			files = (
			);
			runOnlyForDeploymentPostprocessing = 0;
		};
/* End PBXFrameworksBuildPhase section */

/* Begin PBXGroup section */
		1C56981B1E79335400619FCD = {
			isa = PBXGroup;
			children = (
				1C5698261E79335500619FCD /* VolumeButton */,
				1C5698251E79335500619FCD /* Products */,
			);
			sourceTree = "<group>";
		};
		1C5698251E79335500619FCD /* Products */ = {
			isa = PBXGroup;
			children = (
				1C5698241E79335500619FCD /* VolumeButton.app */,
			);
			name = Products;
			sourceTree = "<group>";
		};
		1C5698261E79335500619FCD /* VolumeButton */ = {
			isa = PBXGroup;
			children = (
				1C56983B1E79341000619FCD /* volume.png */,
				1C5698391E79340900619FCD /* MyKnob.swift */,
				1C5698271E79335500619FCD /* AppDelegate.swift */,
				1C5698291E79335500619FCD /* ViewController.swift */,
				1C56982B1E79335500619FCD /* Main.storyboard */,
				1C56982E1E79335500619FCD /* Assets.xcassets */,
				1C5698301E79335500619FCD /* LaunchScreen.storyboard */,
				1C5698331E79335500619FCD /* Info.plist */,
			);
			path = VolumeButton;
			sourceTree = "<group>";
		};
/* End PBXGroup section */

/* Begin PBXNativeTarget section */
		1C5698231E79335500619FCD /* VolumeButton */ = {
			isa = PBXNativeTarget;
			buildConfigurationList = 1C5698361E79335500619FCD /* Build configuration list for PBXNativeTarget "VolumeButton" */;
			buildPhases = (
				1C5698201E79335500619FCD /* Sources */,
				1C5698211E79335500619FCD /* Frameworks */,
				1C5698221E79335500619FCD /* Resources */,
			);
			buildRules = (
			);
			dependencies = (
			);
			name = VolumeButton;
			productName = VolumeButton;
			productReference = 1C5698241E79335500619FCD /* VolumeButton.app */;
			productType = "com.apple.product-type.application";
		};
/* End PBXNativeTarget section */

/* Begin PBXProject section */
		1C56981C1E79335500619FCD /* Project object */ = {
			isa = PBXProject;
			attributes = {
				LastSwiftUpdateCheck = 0820;
				LastUpgradeCheck = 0820;
				ORGANIZATIONNAME = Piyush;
				TargetAttributes = {
					1C5698231E79335500619FCD = {
						CreatedOnToolsVersion = 8.2.1;
						ProvisioningStyle = Automatic;
					};
				};
			};
			buildConfigurationList = 1C56981F1E79335500619FCD /* Build configuration list for PBXProject "VolumeButton" */;
			compatibilityVersion = "Xcode 3.2";
			developmentRegion = English;
			hasScannedForEncodings = 0;
			knownRegions = (
				en,
				Base,
			);
			mainGroup = 1C56981B1E79335400619FCD;
			productRefGroup = 1C5698251E79335500619FCD /* Products */;
			projectDirPath = "";
			projectRoot = "";
			targets = (
				1C5698231E79335500619FCD /* VolumeButton */,
			);
		};
/* End PBXProject section */

/* Begin PBXResourcesBuildPhase section */
		1C5698221E79335500619FCD /* Resources */ = {
			isa = PBXResourcesBuildPhase;
			buildActionMask = 2147483647;
			files = (
				1C5698321E79335500619FCD /* LaunchScreen.storyboard in Resources */,
				1C56983C1E79341000619FCD /* volume.png in Resources */,
				1C56982F1E79335500619FCD /* Assets.xcassets in Resources */,
				1C56982D1E79335500619FCD /* Main.storyboard in Resources */,
			);
			runOnlyForDeploymentPostprocessing = 0;
		};
/* End PBXResourcesBuildPhase section */

/* Begin PBXSourcesBuildPhase section */
		1C5698201E79335500619FCD /* Sources */ = {
			isa = PBXSourcesBuildPhase;
			buildActionMask = 2147483647;
			files = (
				1C56983A1E79340900619FCD /* MyKnob.swift in Sources */,
				1C56982A1E79335500619FCD /* ViewController.swift in Sources */,
				1C5698281E79335500619FCD /* AppDelegate.swift in Sources */,
			);
			runOnlyForDeploymentPostprocessing = 0;
		};
/* End PBXSourcesBuildPhase section */

/* Begin PBXVariantGroup section */
		1C56982B1E79335500619FCD /* Main.storyboard */ = {
			isa = PBXVariantGroup;
			children = (
				1C56982C1E79335500619FCD /* Base */,
			);
			name = Main.storyboard;
			sourceTree = "<group>";
		};
		1C5698301E79335500619FCD /* LaunchScreen.storyboard */ = {
			isa = PBXVariantGroup;
			children = (
				1C5698311E79335500619FCD /* Base */,
			);
			name = LaunchScreen.storyboard;
			sourceTree = "<group>";
		};
/* End PBXVariantGroup section */

/* Begin XCBuildConfiguration section */
		1C5698341E79335500619FCD /* Debug */ = {
			isa = XCBuildConfiguration;
			buildSettings = {
				ALWAYS_SEARCH_USER_PATHS = NO;
				CLANG_ANALYZER_NONNULL = YES;
				CLANG_CXX_LANGUAGE_STANDARD = "gnu++0x";
				CLANG_CXX_LIBRARY = "libc++";
				CLANG_ENABLE_MODULES = YES;
				CLANG_ENABLE_OBJC_ARC = YES;
				CLANG_WARN_BOOL_CONVERSION = YES;
				CLANG_WARN_CONSTANT_CONVERSION = YES;
				CLANG_WARN_DIRECT_OBJC_ISA_USAGE = YES_ERROR;
				CLANG_WARN_DOCUMENTATION_COMMENTS = YES;
				CLANG_WARN_EMPTY_BODY = YES;
				CLANG_WARN_ENUM_CONVERSION = YES;
				CLANG_WARN_INFINITE_RECURSION = YES;
				CLANG_WARN_INT_CONVERSION = YES;
				CLANG_WARN_OBJC_ROOT_CLASS = YES_ERROR;
				CLANG_WARN_SUSPICIOUS_MOVE = YES;
				CLANG_WARN_UNREACHABLE_CODE = YES;
				CLANG_WARN__DUPLICATE_METHOD_MATCH = YES;
				"CODE_SIGN_IDENTITY[sdk=iphoneos*]" = "iPhone Developer";
				COPY_PHASE_STRIP = NO;
				DEBUG_INFORMATION_FORMAT = dwarf;
				ENABLE_STRICT_OBJC_MSGSEND = YES;
				ENABLE_TESTABILITY = YES;
				GCC_C_LANGUAGE_STANDARD = gnu99;
				GCC_DYNAMIC_NO_PIC = NO;
				GCC_NO_COMMON_BLOCKS = YES;
				GCC_OPTIMIZATION_LEVEL = 0;
				GCC_PREPROCESSOR_DEFINITIONS = (
					"DEBUG=1",
					"$(inherited)",
				);
				GCC_WARN_64_TO_32_BIT_CONVERSION = YES;
				GCC_WARN_ABOUT_RETURN_TYPE = YES_ERROR;
				GCC_WARN_UNDECLARED_SELECTOR = YES;
				GCC_WARN_UNINITIALIZED_AUTOS = YES_AGGRESSIVE;
				GCC_WARN_UNUSED_FUNCTION = YES;
				GCC_WARN_UNUSED_VARIABLE = YES;
				IPHONEOS_DEPLOYMENT_TARGET = 10.2;
				MTL_ENABLE_DEBUG_INFO = YES;
				ONLY_ACTIVE_ARCH = YES;
				SDKROOT = iphoneos;
				SWIFT_ACTIVE_COMPILATION_CONDITIONS = DEBUG;
				SWIFT_OPTIMIZATION_LEVEL = "-Onone";
			};
			name = Debug;
		};
		1C5698351E79335500619FCD /* Release */ = {
			isa = XCBuildConfiguration;
			buildSettings = {
				ALWAYS_SEARCH_USER_PATHS = NO;
				CLANG_ANALYZER_NONNULL = YES;
				CLANG_CXX_LANGUAGE_STANDARD = "gnu++0x";
				CLANG_CXX_LIBRARY = "libc++";
				CLANG_ENABLE_MODULES = YES;
				CLANG_ENABLE_OBJC_ARC = YES;
				CLANG_WARN_BOOL_CONVERSION = YES;
				CLANG_WARN_CONSTANT_CONVERSION = YES;
				CLANG_WARN_DIRECT_OBJC_ISA_USAGE = YES_ERROR;
				CLANG_WARN_DOCUMENTATION_COMMENTS = YES;
				CLANG_WARN_EMPTY_BODY = YES;
				CLANG_WARN_ENUM_CONVERSION = YES;
				CLANG_WARN_INFINITE_RECURSION = YES;
				CLANG_WARN_INT_CONVERSION = YES;
				CLANG_WARN_OBJC_ROOT_CLASS = YES_ERROR;
				CLANG_WARN_SUSPICIOUS_MOVE = YES;
				CLANG_WARN_UNREACHABLE_CODE = YES;
				CLANG_WARN__DUPLICATE_METHOD_MATCH = YES;
				"CODE_SIGN_IDENTITY[sdk=iphoneos*]" = "iPhone Developer";
				COPY_PHASE_STRIP = NO;
				DEBUG_INFORMATION_FORMAT = "dwarf-with-dsym";
				ENABLE_NS_ASSERTIONS = NO;
				ENABLE_STRICT_OBJC_MSGSEND = YES;
				GCC_C_LANGUAGE_STANDARD = gnu99;
				GCC_NO_COMMON_BLOCKS = YES;
				GCC_WARN_64_TO_32_BIT_CONVERSION = YES;
				GCC_WARN_ABOUT_RETURN_TYPE = YES_ERROR;
				GCC_WARN_UNDECLARED_SELECTOR = YES;
				GCC_WARN_UNINITIALIZED_AUTOS = YES_AGGRESSIVE;
				GCC_WARN_UNUSED_FUNCTION = YES;
				GCC_WARN_UNUSED_VARIABLE = YES;
				IPHONEOS_DEPLOYMENT_TARGET = 10.2;
				MTL_ENABLE_DEBUG_INFO = NO;
				SDKROOT = iphoneos;
				SWIFT_OPTIMIZATION_LEVEL = "-Owholemodule";
				VALIDATE_PRODUCT = YES;
			};
			name = Release;
		};
		1C5698371E79335500619FCD /* Debug */ = {
			isa = XCBuildConfiguration;
			buildSettings = {
				ASSETCATALOG_COMPILER_APPICON_NAME = AppIcon;
				INFOPLIST_FILE = VolumeButton/Info.plist;
				LD_RUNPATH_SEARCH_PATHS = "$(inherited) @executable_path/Frameworks";
				PRODUCT_BUNDLE_IDENTIFIER = com.VolumeButton;
				PRODUCT_NAME = "$(TARGET_NAME)";
				SWIFT_VERSION = 3.0;
			};
			name = Debug;
		};
		1C5698381E79335500619FCD /* Release */ = {
			isa = XCBuildConfiguration;
			buildSettings = {
				ASSETCATALOG_COMPILER_APPICON_NAME = AppIcon;
				INFOPLIST_FILE = VolumeButton/Info.plist;
				LD_RUNPATH_SEARCH_PATHS = "$(inherited) @executable_path/Frameworks";
				PRODUCT_BUNDLE_IDENTIFIER = com.VolumeButton;
				PRODUCT_NAME = "$(TARGET_NAME)";
				SWIFT_VERSION = 3.0;
			};
			name = Release;
		};
/* End XCBuildConfiguration section */

/* Begin XCConfigurationList section */
		1C56981F1E79335500619FCD /* Build configuration list for PBXProject "VolumeButton" */ = {
			isa = XCConfigurationList;
			buildConfigurations = (
				1C5698341E79335500619FCD /* Debug */,
				1C5698351E79335500619FCD /* Release */,
			);
			defaultConfigurationIsVisible = 0;
			defaultConfigurationName = Release;
		};
		1C5698361E79335500619FCD /* Build configuration list for PBXNativeTarget "VolumeButton" */ = {
			isa = XCConfigurationList;
			buildConfigurations = (
				1C5698371E79335500619FCD /* Debug */,
				1C5698381E79335500619FCD /* Release */,
			);
			defaultConfigurationIsVisible = 0;
		};
/* End XCConfigurationList section */
	};
	rootObject = 1C56981C1E79335500619FCD /* Project object */;
}
